
Microsoft Visual Studio Solution File, Format Version 12.00
# Visual Studio Version 17
VisualStudioVersion = 17.0.32014.148
MinimumVisualStudioVersion = 10.0.40219.1
Project("{9A19103F-16F7-4668-BE54-9A1E7A4F7556}") = "SuperHeroDB2.Server", "SuperHeroDB2\Server\SuperHeroDB2.Server.csproj", "{857CF02D-6B16-42E3-9876-47BBEE008830}"
EndProject
Project("{9A19103F-16F7-4668-BE54-9A1E7A4F7556}") = "SuperHeroDB2.Client", "SuperHeroDB2\Client\SuperHeroDB2.Client.csproj", "{359DAFEE-2A14-40CB-8682-D5144A5AD2A3}"
EndProject
Project("{9A19103F-16F7-4668-BE54-9A1E7A4F7556}") = "SuperHeroDB2.Shared", "SuperHeroDB2\Shared\SuperHeroDB2.Shared.csproj", "{AE436396-EC0B-44E1-A788-BB9C2E752BD4}"
EndProject
Global
	GlobalSection(SolutionConfigurationPlatforms) = preSolution
		Debug|Any CPU = Debug|Any CPU
		Release|Any CPU = Release|Any CPU
	EndGlobalSection
	GlobalSection(ProjectConfigurationPlatforms) = postSolution
		{857CF02D-6B16-42E3-9876-47BBEE008830}.Debug|Any CPU.ActiveCfg = Debug|Any CPU
		{857CF02D-6B16-42E3-9876-47BBEE008830}.Debug|Any CPU.Build.0 = Debug|Any CPU
		{857CF02D-6B16-42E3-9876-47BBEE008830}.Release|Any CPU.ActiveCfg = Release|Any CPU
		{857CF02D-6B16-42E3-9876-47BBEE008830}.Release|Any CPU.Build.0 = Release|Any CPU
		{359DAFEE-2A14-40CB-8682-D5144A5AD2A3}.Debug|Any CPU.ActiveCfg = Debug|Any CPU
		{359DAFEE-2A14-40CB-8682-D5144A5AD2A3}.Debug|Any CPU.Build.0 = Debug|Any CPU
		{359DAFEE-2A14-40CB-8682-D5144A5AD2A3}.Release|Any CPU.ActiveCfg = Release|Any CPU
		{359DAFEE-2A14-40CB-8682-D5144A5AD2A3}.Release|Any CPU.Build.0 = Release|Any CPU
		{AE436396-EC0B-44E1-A788-BB9C2E752BD4}.Debug|Any CPU.ActiveCfg = Debug|Any CPU
		{AE436396-EC0B-44E1-A788-BB9C2E752BD4}.Debug|Any CPU.Build.0 = Debug|Any CPU
		{AE436396-EC0B-44E1-A788-BB9C2E752BD4}.Release|Any CPU.ActiveCfg = Release|Any CPU
		{AE436396-EC0B-44E1-A788-BB9C2E752BD4}.Release|Any CPU.Build.0 = Release|Any CPU
	EndGlobalSection
	GlobalSection(SolutionProperties) = preSolution
		HideSolutionNode = FALSE
	EndGlobalSection
	GlobalSection(ExtensibilityGlobals) = postSolution
		SolutionGuid = {0E0781AE-CB7C-4DBF-9AA7-8B4F583FA8FA}
	EndGlobalSection
EndGlobal
